
Microsoft Visual Studio Solution File, Format Version 12.00
# Visual Studio Version 16
VisualStudioVersion = 16.0.30011.22
MinimumVisualStudioVersion = 10.0.40219.1
Project("{9A19103F-16F7-4668-BE54-9A1E7A4F7556}") = "Database", "Database\Database.csproj", "{D0A74C85-88CE-4EC4-8560-C444DA253F61}"
EndProject
Project("{FAE04EC0-301F-11D3-BF4B-00C04F79EFBC}") = "DataAccess", "DataAccess\DataAccess.csproj", "{A5AC459D-6C0A-4D6E-AD65-ECB3E0FEC3A7}"
EndProject
Project("{2150E333-8FDC-42A3-9474-1A3956D46DE8}") = "solution items", "solution items", "{A0939D45-EC6A-42A6-8674-0AE0E1DA9702}"
	ProjectSection(SolutionItems) = preProject
		RebuildDatabase.ps1 = RebuildDatabase.ps1
	EndProjectSection
EndProject
Project("{FAE04EC0-301F-11D3-BF4B-00C04F79EFBC}") = "DatabaseUI", "DatabaseUI\DatabaseUI.csproj", "{EE623F5A-37D1-4884-A59D-1A8B81B52907}"
EndProject
Global
	GlobalSection(SolutionConfigurationPlatforms) = preSolution
		Debug|Any CPU = Debug|Any CPU
		Release|Any CPU = Release|Any CPU
	EndGlobalSection
	GlobalSection(ProjectConfigurationPlatforms) = postSolution
		{D0A74C85-88CE-4EC4-8560-C444DA253F61}.Debug|Any CPU.ActiveCfg = Debug|Any CPU
		{D0A74C85-88CE-4EC4-8560-C444DA253F61}.Debug|Any CPU.Build.0 = Debug|Any CPU
		{D0A74C85-88CE-4EC4-8560-C444DA253F61}.Release|Any CPU.ActiveCfg = Release|Any CPU
		{D0A74C85-88CE-4EC4-8560-C444DA253F61}.Release|Any CPU.Build.0 = Release|Any CPU
		{A5AC459D-6C0A-4D6E-AD65-ECB3E0FEC3A7}.Debug|Any CPU.ActiveCfg = Debug|Any CPU
		{A5AC459D-6C0A-4D6E-AD65-ECB3E0FEC3A7}.Debug|Any CPU.Build.0 = Debug|Any CPU
		{A5AC459D-6C0A-4D6E-AD65-ECB3E0FEC3A7}.Release|Any CPU.ActiveCfg = Release|Any CPU
		{A5AC459D-6C0A-4D6E-AD65-ECB3E0FEC3A7}.Release|Any CPU.Build.0 = Release|Any CPU
		{EE623F5A-37D1-4884-A59D-1A8B81B52907}.Debug|Any CPU.ActiveCfg = Debug|Any CPU
		{EE623F5A-37D1-4884-A59D-1A8B81B52907}.Debug|Any CPU.Build.0 = Debug|Any CPU
		{EE623F5A-37D1-4884-A59D-1A8B81B52907}.Release|Any CPU.ActiveCfg = Release|Any CPU
		{EE623F5A-37D1-4884-A59D-1A8B81B52907}.Release|Any CPU.Build.0 = Release|Any CPU
	EndGlobalSection
	GlobalSection(SolutionProperties) = preSolution
		HideSolutionNode = FALSE
	EndGlobalSection
	GlobalSection(ExtensibilityGlobals) = postSolution
		SolutionGuid = {4A03124C-92BD-40B3-B809-F4371342C3D3}
	EndGlobalSection
EndGlobal
